
Microsoft Visual Studio Solution File, Format Version 12.00
# Visual Studio Version 17
VisualStudioVersion = 17.6.33815.320
MinimumVisualStudioVersion = 10.0.40219.1
Project("{FAE04EC0-301F-11D3-BF4B-00C04F79EFBC}") = "GiocoDell'oca", "GiocoDell'oca\GiocoDell'oca.csproj", "{4C308202-DBE3-4A14-AB4C-B2050EA720C6}"
EndProject
Global
	GlobalSection(SolutionConfigurationPlatforms) = preSolution
		Debug|Any CPU = Debug|Any CPU
		Release|Any CPU = Release|Any CPU
	EndGlobalSection
	GlobalSection(ProjectConfigurationPlatforms) = postSolution
		{4C308202-DBE3-4A14-AB4C-B2050EA720C6}.Debug|Any CPU.ActiveCfg = Debug|Any CPU
		{4C308202-DBE3-4A14-AB4C-B2050EA720C6}.Debug|Any CPU.Build.0 = Debug|Any CPU
		{4C308202-DBE3-4A14-AB4C-B2050EA720C6}.Release|Any CPU.ActiveCfg = Release|Any CPU
		{4C308202-DBE3-4A14-AB4C-B2050EA720C6}.Release|Any CPU.Build.0 = Release|Any CPU
	EndGlobalSection
	GlobalSection(SolutionProperties) = preSolution
		HideSolutionNode = FALSE
	EndGlobalSection
	GlobalSection(ExtensibilityGlobals) = postSolution
		SolutionGuid = {AF8586D2-A57D-4DB9-8B5C-7B5C1BDAF54A}
	EndGlobalSection
EndGlobal
